
Microsoft Visual Studio Solution File, Format Version 12.00
# Visual Studio 15
VisualStudioVersion = 15.0.27130.2024
MinimumVisualStudioVersion = 10.0.40219.1
Project("{FAE04EC0-301F-11D3-BF4B-00C04F79EFBC}") = "Hsgs-new", "Hsgs-new\Hsgs-new.csproj", "{744B603A-AEC9-4A05-BE43-4199716689F5}"
EndProject
Global
	GlobalSection(SolutionConfigurationPlatforms) = preSolution
		Debug|Any CPU = Debug|Any CPU
		Release|Any CPU = Release|Any CPU
	EndGlobalSection
	GlobalSection(ProjectConfigurationPlatforms) = postSolution
		{744B603A-AEC9-4A05-BE43-4199716689F5}.Debug|Any CPU.ActiveCfg = Debug|Any CPU
		{744B603A-AEC9-4A05-BE43-4199716689F5}.Debug|Any CPU.Build.0 = Debug|Any CPU
		{744B603A-AEC9-4A05-BE43-4199716689F5}.Release|Any CPU.ActiveCfg = Release|Any CPU
		{744B603A-AEC9-4A05-BE43-4199716689F5}.Release|Any CPU.Build.0 = Release|Any CPU
	EndGlobalSection
	GlobalSection(SolutionProperties) = preSolution
		HideSolutionNode = FALSE
	EndGlobalSection
	GlobalSection(ExtensibilityGlobals) = postSolution
		SolutionGuid = {1BC1C7EE-D956-487C-A05E-087B87FBF8D9}
	EndGlobalSection
EndGlobal
